
Microsoft Visual Studio Solution File, Format Version 12.00
# Visual Studio Version 17
VisualStudioVersion = 17.9.34728.123
MinimumVisualStudioVersion = 10.0.40219.1
Project("{FAE04EC0-301F-11D3-BF4B-00C04F79EFBC}") = "Assignment3WinForms", "Assignment3WinForms.csproj", "{216006CE-E805-475C-8E80-F3EB146EC428}"
EndProject
Global
	GlobalSection(SolutionConfigurationPlatforms) = preSolution
		Debug|Any CPU = Debug|Any CPU
		Release|Any CPU = Release|Any CPU
	EndGlobalSection
	GlobalSection(ProjectConfigurationPlatforms) = postSolution
		{216006CE-E805-475C-8E80-F3EB146EC428}.Debug|Any CPU.ActiveCfg = Debug|Any CPU
		{216006CE-E805-475C-8E80-F3EB146EC428}.Debug|Any CPU.Build.0 = Debug|Any CPU
		{216006CE-E805-475C-8E80-F3EB146EC428}.Release|Any CPU.ActiveCfg = Release|Any CPU
		{216006CE-E805-475C-8E80-F3EB146EC428}.Release|Any CPU.Build.0 = Release|Any CPU
	EndGlobalSection
	GlobalSection(SolutionProperties) = preSolution
		HideSolutionNode = FALSE
	EndGlobalSection
	GlobalSection(ExtensibilityGlobals) = postSolution
		SolutionGuid = {468AB8F2-1920-4E6D-8AE6-00D5B7BF2F84}
	EndGlobalSection
EndGlobal
